
Microsoft Visual Studio Solution File, Format Version 12.00
# Visual Studio Version 17
VisualStudioVersion = 17.9.34714.143
MinimumVisualStudioVersion = 10.0.40219.1
Project("{FAE04EC0-301F-11D3-BF4B-00C04F79EFBC}") = "WateringCanNotifier", "WateringCanNotifier\WateringCanNotifier.csproj", "{D36C1A21-E8FC-496D-8C6D-CB96469DBD2B}"
EndProject
Project("{2150E333-8FDC-42A3-9474-1A3956D46DE8}") = "Solution Items", "Solution Items", "{4D134FE3-F989-494C-840C-BB083213ACF0}"
	ProjectSection(SolutionItems) = preProject
		ModEntry.cs = ModEntry.cs
	EndProjectSection
EndProject
Global
	GlobalSection(SolutionConfigurationPlatforms) = preSolution
		Debug|Any CPU = Debug|Any CPU
		Release|Any CPU = Release|Any CPU
	EndGlobalSection
	GlobalSection(ProjectConfigurationPlatforms) = postSolution
		{D36C1A21-E8FC-496D-8C6D-CB96469DBD2B}.Debug|Any CPU.ActiveCfg = Debug|Any CPU
		{D36C1A21-E8FC-496D-8C6D-CB96469DBD2B}.Debug|Any CPU.Build.0 = Debug|Any CPU
		{D36C1A21-E8FC-496D-8C6D-CB96469DBD2B}.Release|Any CPU.ActiveCfg = Release|Any CPU
		{D36C1A21-E8FC-496D-8C6D-CB96469DBD2B}.Release|Any CPU.Build.0 = Release|Any CPU
	EndGlobalSection
	GlobalSection(SolutionProperties) = preSolution
		HideSolutionNode = FALSE
	EndGlobalSection
	GlobalSection(ExtensibilityGlobals) = postSolution
		SolutionGuid = {724313EF-AE0C-48B7-8A51-9F0B407694FD}
	EndGlobalSection
EndGlobal
